
Microsoft Visual Studio Solution File, Format Version 12.00
# Visual Studio Version 16
VisualStudioVersion = 16.0.30503.244
MinimumVisualStudioVersion = 10.0.40219.1
Project("{FAE04EC0-301F-11D3-BF4B-00C04F79EFBC}") = "043", "043.csproj", "{B03BBB87-1AA5-4E84-9363-6A660130F18C}"
EndProject
Global
	GlobalSection(SolutionConfigurationPlatforms) = preSolution
		Debug|Any CPU = Debug|Any CPU
		Release|Any CPU = Release|Any CPU
	EndGlobalSection
	GlobalSection(ProjectConfigurationPlatforms) = postSolution
		{B03BBB87-1AA5-4E84-9363-6A660130F18C}.Debug|Any CPU.ActiveCfg = Debug|Any CPU
		{B03BBB87-1AA5-4E84-9363-6A660130F18C}.Debug|Any CPU.Build.0 = Debug|Any CPU
		{B03BBB87-1AA5-4E84-9363-6A660130F18C}.Release|Any CPU.ActiveCfg = Release|Any CPU
		{B03BBB87-1AA5-4E84-9363-6A660130F18C}.Release|Any CPU.Build.0 = Release|Any CPU
	EndGlobalSection
	GlobalSection(SolutionProperties) = preSolution
		HideSolutionNode = FALSE
	EndGlobalSection
	GlobalSection(ExtensibilityGlobals) = postSolution
		SolutionGuid = {D88DF5D9-8E1E-40BB-83E4-52474632B898}
	EndGlobalSection
EndGlobal
