
Microsoft Visual Studio Solution File, Format Version 12.00
# Visual Studio Version 17
VisualStudioVersion = 17.0.32014.148
MinimumVisualStudioVersion = 10.0.40219.1
Project("{FAE04EC0-301F-11D3-BF4B-00C04F79EFBC}") = "048", "048.csproj", "{11634868-B74D-43B8-A603-E2767ED0EA34}"
EndProject
Global
	GlobalSection(SolutionConfigurationPlatforms) = preSolution
		Debug|Any CPU = Debug|Any CPU
		Release|Any CPU = Release|Any CPU
	EndGlobalSection
	GlobalSection(ProjectConfigurationPlatforms) = postSolution
		{11634868-B74D-43B8-A603-E2767ED0EA34}.Debug|Any CPU.ActiveCfg = Debug|Any CPU
		{11634868-B74D-43B8-A603-E2767ED0EA34}.Debug|Any CPU.Build.0 = Debug|Any CPU
		{11634868-B74D-43B8-A603-E2767ED0EA34}.Release|Any CPU.ActiveCfg = Release|Any CPU
		{11634868-B74D-43B8-A603-E2767ED0EA34}.Release|Any CPU.Build.0 = Release|Any CPU
	EndGlobalSection
	GlobalSection(SolutionProperties) = preSolution
		HideSolutionNode = FALSE
	EndGlobalSection
	GlobalSection(ExtensibilityGlobals) = postSolution
		SolutionGuid = {4700AB71-79D1-496C-B21A-AD6DF858393E}
	EndGlobalSection
EndGlobal
