
Microsoft Visual Studio Solution File, Format Version 12.00
# Visual Studio Version 17
VisualStudioVersion = 17.0.32014.148
MinimumVisualStudioVersion = 10.0.40219.1
Project("{FAE04EC0-301F-11D3-BF4B-00C04F79EFBC}") = "067", "067.csproj", "{7AF35E17-4822-4C71-AB7B-2781CBEADBBC}"
EndProject
Global
	GlobalSection(SolutionConfigurationPlatforms) = preSolution
		Debug|Any CPU = Debug|Any CPU
		Release|Any CPU = Release|Any CPU
	EndGlobalSection
	GlobalSection(ProjectConfigurationPlatforms) = postSolution
		{7AF35E17-4822-4C71-AB7B-2781CBEADBBC}.Debug|Any CPU.ActiveCfg = Debug|Any CPU
		{7AF35E17-4822-4C71-AB7B-2781CBEADBBC}.Debug|Any CPU.Build.0 = Debug|Any CPU
		{7AF35E17-4822-4C71-AB7B-2781CBEADBBC}.Release|Any CPU.ActiveCfg = Release|Any CPU
		{7AF35E17-4822-4C71-AB7B-2781CBEADBBC}.Release|Any CPU.Build.0 = Release|Any CPU
	EndGlobalSection
	GlobalSection(SolutionProperties) = preSolution
		HideSolutionNode = FALSE
	EndGlobalSection
	GlobalSection(ExtensibilityGlobals) = postSolution
		SolutionGuid = {D8E9781C-FAB6-44D1-B85F-3BD89A49B86E}
	EndGlobalSection
EndGlobal
