
Microsoft Visual Studio Solution File, Format Version 12.00
# Visual Studio Version 16
VisualStudioVersion = 16.0.30503.244
MinimumVisualStudioVersion = 10.0.40219.1
Project("{FAE04EC0-301F-11D3-BF4B-00C04F79EFBC}") = "027", "027.csproj", "{61E82062-B6FF-49A4-B137-A3F6EB10CBF8}"
EndProject
Global
	GlobalSection(SolutionConfigurationPlatforms) = preSolution
		Debug|Any CPU = Debug|Any CPU
		Release|Any CPU = Release|Any CPU
	EndGlobalSection
	GlobalSection(ProjectConfigurationPlatforms) = postSolution
		{61E82062-B6FF-49A4-B137-A3F6EB10CBF8}.Debug|Any CPU.ActiveCfg = Debug|Any CPU
		{61E82062-B6FF-49A4-B137-A3F6EB10CBF8}.Debug|Any CPU.Build.0 = Debug|Any CPU
		{61E82062-B6FF-49A4-B137-A3F6EB10CBF8}.Release|Any CPU.ActiveCfg = Release|Any CPU
		{61E82062-B6FF-49A4-B137-A3F6EB10CBF8}.Release|Any CPU.Build.0 = Release|Any CPU
	EndGlobalSection
	GlobalSection(SolutionProperties) = preSolution
		HideSolutionNode = FALSE
	EndGlobalSection
	GlobalSection(ExtensibilityGlobals) = postSolution
		SolutionGuid = {765CAFC3-A4B2-48D4-9A02-3B8F88487F56}
	EndGlobalSection
EndGlobal
