
Microsoft Visual Studio Solution File, Format Version 12.00
# Visual Studio Version 16
VisualStudioVersion = 16.0.30320.27
MinimumVisualStudioVersion = 10.0.40219.1
Project("{FAE04EC0-301F-11D3-BF4B-00C04F79EFBC}") = "019", "019.csproj", "{FC0A3092-8224-4689-9EC2-5B35A87BB333}"
EndProject
Global
	GlobalSection(SolutionConfigurationPlatforms) = preSolution
		Debug|Any CPU = Debug|Any CPU
		Release|Any CPU = Release|Any CPU
	EndGlobalSection
	GlobalSection(ProjectConfigurationPlatforms) = postSolution
		{FC0A3092-8224-4689-9EC2-5B35A87BB333}.Debug|Any CPU.ActiveCfg = Debug|Any CPU
		{FC0A3092-8224-4689-9EC2-5B35A87BB333}.Debug|Any CPU.Build.0 = Debug|Any CPU
		{FC0A3092-8224-4689-9EC2-5B35A87BB333}.Release|Any CPU.ActiveCfg = Release|Any CPU
		{FC0A3092-8224-4689-9EC2-5B35A87BB333}.Release|Any CPU.Build.0 = Release|Any CPU
	EndGlobalSection
	GlobalSection(SolutionProperties) = preSolution
		HideSolutionNode = FALSE
	EndGlobalSection
	GlobalSection(ExtensibilityGlobals) = postSolution
		SolutionGuid = {923CB4A8-5A4A-42E7-8366-ABD309070A9C}
	EndGlobalSection
EndGlobal
