
Microsoft Visual Studio Solution File, Format Version 12.00
# Visual Studio Version 17
VisualStudioVersion = 17.0.32014.148
MinimumVisualStudioVersion = 10.0.40219.1
Project("{FAE04EC0-301F-11D3-BF4B-00C04F79EFBC}") = "007", "007.csproj", "{FF7D694E-333C-4ABE-BF01-15D22FE703EF}"
EndProject
Global
	GlobalSection(SolutionConfigurationPlatforms) = preSolution
		Debug|Any CPU = Debug|Any CPU
		Release|Any CPU = Release|Any CPU
	EndGlobalSection
	GlobalSection(ProjectConfigurationPlatforms) = postSolution
		{FF7D694E-333C-4ABE-BF01-15D22FE703EF}.Debug|Any CPU.ActiveCfg = Debug|Any CPU
		{FF7D694E-333C-4ABE-BF01-15D22FE703EF}.Debug|Any CPU.Build.0 = Debug|Any CPU
		{FF7D694E-333C-4ABE-BF01-15D22FE703EF}.Release|Any CPU.ActiveCfg = Release|Any CPU
		{FF7D694E-333C-4ABE-BF01-15D22FE703EF}.Release|Any CPU.Build.0 = Release|Any CPU
	EndGlobalSection
	GlobalSection(SolutionProperties) = preSolution
		HideSolutionNode = FALSE
	EndGlobalSection
	GlobalSection(ExtensibilityGlobals) = postSolution
		SolutionGuid = {5DDC2D33-1FC5-4752-9FD6-14A8122B946A}
	EndGlobalSection
EndGlobal
