
Microsoft Visual Studio Solution File, Format Version 12.00
# Visual Studio Version 16
VisualStudioVersion = 16.0.30320.27
MinimumVisualStudioVersion = 10.0.40219.1
Project("{FAE04EC0-301F-11D3-BF4B-00C04F79EFBC}") = "008", "008.csproj", "{376DAAC9-399D-46C2-8485-9F47AB433870}"
EndProject
Global
	GlobalSection(SolutionConfigurationPlatforms) = preSolution
		Debug|Any CPU = Debug|Any CPU
		Release|Any CPU = Release|Any CPU
	EndGlobalSection
	GlobalSection(ProjectConfigurationPlatforms) = postSolution
		{376DAAC9-399D-46C2-8485-9F47AB433870}.Debug|Any CPU.ActiveCfg = Debug|Any CPU
		{376DAAC9-399D-46C2-8485-9F47AB433870}.Debug|Any CPU.Build.0 = Debug|Any CPU
		{376DAAC9-399D-46C2-8485-9F47AB433870}.Release|Any CPU.ActiveCfg = Release|Any CPU
		{376DAAC9-399D-46C2-8485-9F47AB433870}.Release|Any CPU.Build.0 = Release|Any CPU
	EndGlobalSection
	GlobalSection(SolutionProperties) = preSolution
		HideSolutionNode = FALSE
	EndGlobalSection
	GlobalSection(ExtensibilityGlobals) = postSolution
		SolutionGuid = {A0D958AE-517D-45B7-B988-EC6349E155EA}
	EndGlobalSection
EndGlobal
