
Microsoft Visual Studio Solution File, Format Version 12.00
# Visual Studio Version 17
VisualStudioVersion = 17.0.32014.148
MinimumVisualStudioVersion = 10.0.40219.1
Project("{FAE04EC0-301F-11D3-BF4B-00C04F79EFBC}") = "027", "027.csproj", "{29E9FAC7-C96F-4AAC-872D-E3721F0CDB32}"
EndProject
Global
	GlobalSection(SolutionConfigurationPlatforms) = preSolution
		Debug|Any CPU = Debug|Any CPU
		Release|Any CPU = Release|Any CPU
	EndGlobalSection
	GlobalSection(ProjectConfigurationPlatforms) = postSolution
		{29E9FAC7-C96F-4AAC-872D-E3721F0CDB32}.Debug|Any CPU.ActiveCfg = Debug|Any CPU
		{29E9FAC7-C96F-4AAC-872D-E3721F0CDB32}.Debug|Any CPU.Build.0 = Debug|Any CPU
		{29E9FAC7-C96F-4AAC-872D-E3721F0CDB32}.Release|Any CPU.ActiveCfg = Release|Any CPU
		{29E9FAC7-C96F-4AAC-872D-E3721F0CDB32}.Release|Any CPU.Build.0 = Release|Any CPU
	EndGlobalSection
	GlobalSection(SolutionProperties) = preSolution
		HideSolutionNode = FALSE
	EndGlobalSection
	GlobalSection(ExtensibilityGlobals) = postSolution
		SolutionGuid = {C9F8BC27-D198-485C-8708-71CEB5B754FB}
	EndGlobalSection
EndGlobal
