
Microsoft Visual Studio Solution File, Format Version 12.00
# Visual Studio Version 17
VisualStudioVersion = 17.0.32014.148
MinimumVisualStudioVersion = 10.0.40219.1
Project("{FAE04EC0-301F-11D3-BF4B-00C04F79EFBC}") = "019", "019.csproj", "{535AE92B-AB6B-41A5-A56A-0F8D9EE5A395}"
EndProject
Global
	GlobalSection(SolutionConfigurationPlatforms) = preSolution
		Debug|Any CPU = Debug|Any CPU
		Release|Any CPU = Release|Any CPU
	EndGlobalSection
	GlobalSection(ProjectConfigurationPlatforms) = postSolution
		{535AE92B-AB6B-41A5-A56A-0F8D9EE5A395}.Debug|Any CPU.ActiveCfg = Debug|Any CPU
		{535AE92B-AB6B-41A5-A56A-0F8D9EE5A395}.Debug|Any CPU.Build.0 = Debug|Any CPU
		{535AE92B-AB6B-41A5-A56A-0F8D9EE5A395}.Release|Any CPU.ActiveCfg = Release|Any CPU
		{535AE92B-AB6B-41A5-A56A-0F8D9EE5A395}.Release|Any CPU.Build.0 = Release|Any CPU
	EndGlobalSection
	GlobalSection(SolutionProperties) = preSolution
		HideSolutionNode = FALSE
	EndGlobalSection
	GlobalSection(ExtensibilityGlobals) = postSolution
		SolutionGuid = {1D584E6A-93A0-4E3E-BAA4-D3B0C9BB5696}
	EndGlobalSection
EndGlobal
