
Microsoft Visual Studio Solution File, Format Version 12.00
# Visual Studio 14
VisualStudioVersion = 14.0.23107.0
MinimumVisualStudioVersion = 10.0.40219.1
Project("{8BC9CEB8-8B4A-11D0-8D11-00A0C91BC942}") = "010", "010\010.vcxproj", "{AD744AB5-38F8-4EA2-9217-C37545A87AC1}"
EndProject
Project("{8BC9CEB8-8B4A-11D0-8D11-00A0C91BC942}") = "test", "test\test.vcxproj", "{44211457-2D2F-4F92-B713-BA5C29BB1891}"
EndProject
Global
	GlobalSection(SolutionConfigurationPlatforms) = preSolution
		Debug|x64 = Debug|x64
		Debug|x86 = Debug|x86
		Release|x64 = Release|x64
		Release|x86 = Release|x86
	EndGlobalSection
	GlobalSection(ProjectConfigurationPlatforms) = postSolution
		{AD744AB5-38F8-4EA2-9217-C37545A87AC1}.Debug|x64.ActiveCfg = Debug|x64
		{AD744AB5-38F8-4EA2-9217-C37545A87AC1}.Debug|x64.Build.0 = Debug|x64
		{AD744AB5-38F8-4EA2-9217-C37545A87AC1}.Debug|x86.ActiveCfg = Debug|Win32
		{AD744AB5-38F8-4EA2-9217-C37545A87AC1}.Debug|x86.Build.0 = Debug|Win32
		{AD744AB5-38F8-4EA2-9217-C37545A87AC1}.Release|x64.ActiveCfg = Release|x64
		{AD744AB5-38F8-4EA2-9217-C37545A87AC1}.Release|x64.Build.0 = Release|x64
		{AD744AB5-38F8-4EA2-9217-C37545A87AC1}.Release|x86.ActiveCfg = Release|Win32
		{AD744AB5-38F8-4EA2-9217-C37545A87AC1}.Release|x86.Build.0 = Release|Win32
		{44211457-2D2F-4F92-B713-BA5C29BB1891}.Debug|x64.ActiveCfg = Debug|x64
		{44211457-2D2F-4F92-B713-BA5C29BB1891}.Debug|x64.Build.0 = Debug|x64
		{44211457-2D2F-4F92-B713-BA5C29BB1891}.Debug|x86.ActiveCfg = Debug|Win32
		{44211457-2D2F-4F92-B713-BA5C29BB1891}.Debug|x86.Build.0 = Debug|Win32
		{44211457-2D2F-4F92-B713-BA5C29BB1891}.Release|x64.ActiveCfg = Release|x64
		{44211457-2D2F-4F92-B713-BA5C29BB1891}.Release|x64.Build.0 = Release|x64
		{44211457-2D2F-4F92-B713-BA5C29BB1891}.Release|x86.ActiveCfg = Release|Win32
		{44211457-2D2F-4F92-B713-BA5C29BB1891}.Release|x86.Build.0 = Release|Win32
	EndGlobalSection
	GlobalSection(SolutionProperties) = preSolution
		HideSolutionNode = FALSE
	EndGlobalSection
EndGlobal
