
Microsoft Visual Studio Solution File, Format Version 12.00
# Visual Studio Version 17
VisualStudioVersion = 17.0.32014.148
MinimumVisualStudioVersion = 10.0.40219.1
Project("{FAE04EC0-301F-11D3-BF4B-00C04F79EFBC}") = "046", "046.csproj", "{0B7260D4-80EB-4816-B119-810A321982FC}"
EndProject
Global
	GlobalSection(SolutionConfigurationPlatforms) = preSolution
		Debug|Any CPU = Debug|Any CPU
		Release|Any CPU = Release|Any CPU
	EndGlobalSection
	GlobalSection(ProjectConfigurationPlatforms) = postSolution
		{0B7260D4-80EB-4816-B119-810A321982FC}.Debug|Any CPU.ActiveCfg = Debug|Any CPU
		{0B7260D4-80EB-4816-B119-810A321982FC}.Debug|Any CPU.Build.0 = Debug|Any CPU
		{0B7260D4-80EB-4816-B119-810A321982FC}.Release|Any CPU.ActiveCfg = Release|Any CPU
		{0B7260D4-80EB-4816-B119-810A321982FC}.Release|Any CPU.Build.0 = Release|Any CPU
	EndGlobalSection
	GlobalSection(SolutionProperties) = preSolution
		HideSolutionNode = FALSE
	EndGlobalSection
	GlobalSection(ExtensibilityGlobals) = postSolution
		SolutionGuid = {545D6777-D24C-4FC1-B9DC-D46AAF523684}
	EndGlobalSection
EndGlobal
