
Microsoft Visual Studio Solution File, Format Version 12.00
# Visual Studio Version 17
VisualStudioVersion = 17.0.32014.148
MinimumVisualStudioVersion = 10.0.40219.1
Project("{FAE04EC0-301F-11D3-BF4B-00C04F79EFBC}") = "003", "003.csproj", "{96E33977-AF0E-48BA-86AD-756C3622A55B}"
EndProject
Global
	GlobalSection(SolutionConfigurationPlatforms) = preSolution
		Debug|Any CPU = Debug|Any CPU
		Release|Any CPU = Release|Any CPU
	EndGlobalSection
	GlobalSection(ProjectConfigurationPlatforms) = postSolution
		{96E33977-AF0E-48BA-86AD-756C3622A55B}.Debug|Any CPU.ActiveCfg = Debug|Any CPU
		{96E33977-AF0E-48BA-86AD-756C3622A55B}.Debug|Any CPU.Build.0 = Debug|Any CPU
		{96E33977-AF0E-48BA-86AD-756C3622A55B}.Release|Any CPU.ActiveCfg = Release|Any CPU
		{96E33977-AF0E-48BA-86AD-756C3622A55B}.Release|Any CPU.Build.0 = Release|Any CPU
	EndGlobalSection
	GlobalSection(SolutionProperties) = preSolution
		HideSolutionNode = FALSE
	EndGlobalSection
	GlobalSection(ExtensibilityGlobals) = postSolution
		SolutionGuid = {D36D2D08-A794-42FB-BDB1-FB827889F82C}
	EndGlobalSection
EndGlobal
