
Microsoft Visual Studio Solution File, Format Version 12.00
# Visual Studio Version 16
VisualStudioVersion = 16.0.30503.244
MinimumVisualStudioVersion = 10.0.40219.1
Project("{FAE04EC0-301F-11D3-BF4B-00C04F79EFBC}") = "062", "062.csproj", "{01CE41E5-F692-48EE-AF8E-569ABE9AE1E2}"
EndProject
Project("{FAE04EC0-301F-11D3-BF4B-00C04F79EFBC}") = "SexRadioButton", "..\SexRadioButton\SexRadioButton.csproj", "{084DFAFF-EE2C-4E39-86CA-CF632358F759}"
EndProject
Global
	GlobalSection(SolutionConfigurationPlatforms) = preSolution
		Debug|Any CPU = Debug|Any CPU
		Release|Any CPU = Release|Any CPU
	EndGlobalSection
	GlobalSection(ProjectConfigurationPlatforms) = postSolution
		{01CE41E5-F692-48EE-AF8E-569ABE9AE1E2}.Debug|Any CPU.ActiveCfg = Debug|Any CPU
		{01CE41E5-F692-48EE-AF8E-569ABE9AE1E2}.Debug|Any CPU.Build.0 = Debug|Any CPU
		{01CE41E5-F692-48EE-AF8E-569ABE9AE1E2}.Release|Any CPU.ActiveCfg = Release|Any CPU
		{01CE41E5-F692-48EE-AF8E-569ABE9AE1E2}.Release|Any CPU.Build.0 = Release|Any CPU
		{084DFAFF-EE2C-4E39-86CA-CF632358F759}.Debug|Any CPU.ActiveCfg = Debug|Any CPU
		{084DFAFF-EE2C-4E39-86CA-CF632358F759}.Debug|Any CPU.Build.0 = Debug|Any CPU
		{084DFAFF-EE2C-4E39-86CA-CF632358F759}.Release|Any CPU.ActiveCfg = Release|Any CPU
		{084DFAFF-EE2C-4E39-86CA-CF632358F759}.Release|Any CPU.Build.0 = Release|Any CPU
	EndGlobalSection
	GlobalSection(SolutionProperties) = preSolution
		HideSolutionNode = FALSE
	EndGlobalSection
	GlobalSection(ExtensibilityGlobals) = postSolution
		SolutionGuid = {4210ACEB-A815-4901-8441-7064CE1955FE}
	EndGlobalSection
EndGlobal
