
Microsoft Visual Studio Solution File, Format Version 12.00
# Visual Studio Version 17
VisualStudioVersion = 17.0.32014.148
MinimumVisualStudioVersion = 10.0.40219.1
Project("{FAE04EC0-301F-11D3-BF4B-00C04F79EFBC}") = "055", "055.csproj", "{DAD7A354-09E2-43F5-B2BE-91D61590FA1C}"
EndProject
Global
	GlobalSection(SolutionConfigurationPlatforms) = preSolution
		Debug|Any CPU = Debug|Any CPU
		Release|Any CPU = Release|Any CPU
	EndGlobalSection
	GlobalSection(ProjectConfigurationPlatforms) = postSolution
		{DAD7A354-09E2-43F5-B2BE-91D61590FA1C}.Debug|Any CPU.ActiveCfg = Debug|Any CPU
		{DAD7A354-09E2-43F5-B2BE-91D61590FA1C}.Debug|Any CPU.Build.0 = Debug|Any CPU
		{DAD7A354-09E2-43F5-B2BE-91D61590FA1C}.Release|Any CPU.ActiveCfg = Release|Any CPU
		{DAD7A354-09E2-43F5-B2BE-91D61590FA1C}.Release|Any CPU.Build.0 = Release|Any CPU
	EndGlobalSection
	GlobalSection(SolutionProperties) = preSolution
		HideSolutionNode = FALSE
	EndGlobalSection
	GlobalSection(ExtensibilityGlobals) = postSolution
		SolutionGuid = {0DB45EED-AC66-400A-A766-38F8F93B3DEB}
	EndGlobalSection
EndGlobal
