
Microsoft Visual Studio Solution File, Format Version 12.00
# Visual Studio Version 16
VisualStudioVersion = 16.0.30320.27
MinimumVisualStudioVersion = 10.0.40219.1
Project("{FAE04EC0-301F-11D3-BF4B-00C04F79EFBC}") = "037", "037.csproj", "{0FAB27CD-90D2-44CB-B7B1-D9439F3F32B0}"
EndProject
Global
	GlobalSection(SolutionConfigurationPlatforms) = preSolution
		Debug|Any CPU = Debug|Any CPU
		Release|Any CPU = Release|Any CPU
	EndGlobalSection
	GlobalSection(ProjectConfigurationPlatforms) = postSolution
		{0FAB27CD-90D2-44CB-B7B1-D9439F3F32B0}.Debug|Any CPU.ActiveCfg = Debug|Any CPU
		{0FAB27CD-90D2-44CB-B7B1-D9439F3F32B0}.Debug|Any CPU.Build.0 = Debug|Any CPU
		{0FAB27CD-90D2-44CB-B7B1-D9439F3F32B0}.Release|Any CPU.ActiveCfg = Release|Any CPU
		{0FAB27CD-90D2-44CB-B7B1-D9439F3F32B0}.Release|Any CPU.Build.0 = Release|Any CPU
	EndGlobalSection
	GlobalSection(SolutionProperties) = preSolution
		HideSolutionNode = FALSE
	EndGlobalSection
	GlobalSection(ExtensibilityGlobals) = postSolution
		SolutionGuid = {23E3DEFD-3B14-4482-B307-EA2C57383FFE}
	EndGlobalSection
EndGlobal
