
Microsoft Visual Studio Solution File, Format Version 12.00
# Visual Studio Version 16
VisualStudioVersion = 16.0.30503.244
MinimumVisualStudioVersion = 10.0.40219.1
Project("{FAE04EC0-301F-11D3-BF4B-00C04F79EFBC}") = "009", "009.csproj", "{949A2877-7AB0-4103-B2F6-857974D6A600}"
EndProject
Global
	GlobalSection(SolutionConfigurationPlatforms) = preSolution
		Debug|Any CPU = Debug|Any CPU
		Release|Any CPU = Release|Any CPU
	EndGlobalSection
	GlobalSection(ProjectConfigurationPlatforms) = postSolution
		{949A2877-7AB0-4103-B2F6-857974D6A600}.Debug|Any CPU.ActiveCfg = Debug|Any CPU
		{949A2877-7AB0-4103-B2F6-857974D6A600}.Debug|Any CPU.Build.0 = Debug|Any CPU
		{949A2877-7AB0-4103-B2F6-857974D6A600}.Release|Any CPU.ActiveCfg = Release|Any CPU
		{949A2877-7AB0-4103-B2F6-857974D6A600}.Release|Any CPU.Build.0 = Release|Any CPU
	EndGlobalSection
	GlobalSection(SolutionProperties) = preSolution
		HideSolutionNode = FALSE
	EndGlobalSection
	GlobalSection(ExtensibilityGlobals) = postSolution
		SolutionGuid = {6A41C46C-AC72-4A78-B40E-1042328E50C3}
	EndGlobalSection
EndGlobal
