
Microsoft Visual Studio Solution File, Format Version 12.00
# Visual Studio Version 16
VisualStudioVersion = 16.0.30503.244
MinimumVisualStudioVersion = 10.0.40219.1
Project("{8BC9CEB8-8B4A-11D0-8D11-00A0C91BC942}") = "011", "011.vcxproj", "{184915D8-25B0-4986-B19A-297BF1E79C9D}"
EndProject
Global
	GlobalSection(SolutionConfigurationPlatforms) = preSolution
		Debug|x64 = Debug|x64
		Debug|x86 = Debug|x86
		Release|x64 = Release|x64
		Release|x86 = Release|x86
	EndGlobalSection
	GlobalSection(ProjectConfigurationPlatforms) = postSolution
		{184915D8-25B0-4986-B19A-297BF1E79C9D}.Debug|x64.ActiveCfg = Debug|x64
		{184915D8-25B0-4986-B19A-297BF1E79C9D}.Debug|x64.Build.0 = Debug|x64
		{184915D8-25B0-4986-B19A-297BF1E79C9D}.Debug|x86.ActiveCfg = Debug|Win32
		{184915D8-25B0-4986-B19A-297BF1E79C9D}.Debug|x86.Build.0 = Debug|Win32
		{184915D8-25B0-4986-B19A-297BF1E79C9D}.Release|x64.ActiveCfg = Release|x64
		{184915D8-25B0-4986-B19A-297BF1E79C9D}.Release|x64.Build.0 = Release|x64
		{184915D8-25B0-4986-B19A-297BF1E79C9D}.Release|x86.ActiveCfg = Release|Win32
		{184915D8-25B0-4986-B19A-297BF1E79C9D}.Release|x86.Build.0 = Release|Win32
	EndGlobalSection
	GlobalSection(SolutionProperties) = preSolution
		HideSolutionNode = FALSE
	EndGlobalSection
	GlobalSection(ExtensibilityGlobals) = postSolution
		SolutionGuid = {E6CD6BAB-02F0-4236-AC4D-4AEF1F509B30}
	EndGlobalSection
EndGlobal
