
Microsoft Visual Studio Solution File, Format Version 12.00
# Visual Studio Version 16
VisualStudioVersion = 16.0.30503.244
MinimumVisualStudioVersion = 10.0.40219.1
Project("{FAE04EC0-301F-11D3-BF4B-00C04F79EFBC}") = "056", "056.csproj", "{8AFFF9BC-EC41-4A13-9FDF-B01B08CC2F19}"
EndProject
Global
	GlobalSection(SolutionConfigurationPlatforms) = preSolution
		Debug|Any CPU = Debug|Any CPU
		Release|Any CPU = Release|Any CPU
	EndGlobalSection
	GlobalSection(ProjectConfigurationPlatforms) = postSolution
		{8AFFF9BC-EC41-4A13-9FDF-B01B08CC2F19}.Debug|Any CPU.ActiveCfg = Debug|Any CPU
		{8AFFF9BC-EC41-4A13-9FDF-B01B08CC2F19}.Debug|Any CPU.Build.0 = Debug|Any CPU
		{8AFFF9BC-EC41-4A13-9FDF-B01B08CC2F19}.Release|Any CPU.ActiveCfg = Release|Any CPU
		{8AFFF9BC-EC41-4A13-9FDF-B01B08CC2F19}.Release|Any CPU.Build.0 = Release|Any CPU
	EndGlobalSection
	GlobalSection(SolutionProperties) = preSolution
		HideSolutionNode = FALSE
	EndGlobalSection
	GlobalSection(ExtensibilityGlobals) = postSolution
		SolutionGuid = {BE42388A-0040-4A11-BC1A-F1F6B5E56EF6}
	EndGlobalSection
EndGlobal
