
Microsoft Visual Studio Solution File, Format Version 12.00
# Visual Studio Version 16
VisualStudioVersion = 16.0.30503.244
MinimumVisualStudioVersion = 10.0.40219.1
Project("{FAE04EC0-301F-11D3-BF4B-00C04F79EFBC}") = "030", "030.csproj", "{074F026B-76BE-4665-A842-21E262695415}"
EndProject
Global
	GlobalSection(SolutionConfigurationPlatforms) = preSolution
		Debug|Any CPU = Debug|Any CPU
		Release|Any CPU = Release|Any CPU
	EndGlobalSection
	GlobalSection(ProjectConfigurationPlatforms) = postSolution
		{074F026B-76BE-4665-A842-21E262695415}.Debug|Any CPU.ActiveCfg = Debug|Any CPU
		{074F026B-76BE-4665-A842-21E262695415}.Debug|Any CPU.Build.0 = Debug|Any CPU
		{074F026B-76BE-4665-A842-21E262695415}.Release|Any CPU.ActiveCfg = Release|Any CPU
		{074F026B-76BE-4665-A842-21E262695415}.Release|Any CPU.Build.0 = Release|Any CPU
	EndGlobalSection
	GlobalSection(SolutionProperties) = preSolution
		HideSolutionNode = FALSE
	EndGlobalSection
	GlobalSection(ExtensibilityGlobals) = postSolution
		SolutionGuid = {8A14B977-C3A8-4038-A50D-E91E577E8BC2}
	EndGlobalSection
EndGlobal
