
Microsoft Visual Studio Solution File, Format Version 12.00
# Visual Studio Version 16
VisualStudioVersion = 16.0.30320.27
MinimumVisualStudioVersion = 10.0.40219.1
Project("{FAE04EC0-301F-11D3-BF4B-00C04F79EFBC}") = "043", "043.csproj", "{08B43AD6-7648-4786-AD1F-9B6164C5D78D}"
EndProject
Global
	GlobalSection(SolutionConfigurationPlatforms) = preSolution
		Debug|Any CPU = Debug|Any CPU
		Release|Any CPU = Release|Any CPU
	EndGlobalSection
	GlobalSection(ProjectConfigurationPlatforms) = postSolution
		{08B43AD6-7648-4786-AD1F-9B6164C5D78D}.Debug|Any CPU.ActiveCfg = Debug|Any CPU
		{08B43AD6-7648-4786-AD1F-9B6164C5D78D}.Debug|Any CPU.Build.0 = Debug|Any CPU
		{08B43AD6-7648-4786-AD1F-9B6164C5D78D}.Release|Any CPU.ActiveCfg = Release|Any CPU
		{08B43AD6-7648-4786-AD1F-9B6164C5D78D}.Release|Any CPU.Build.0 = Release|Any CPU
	EndGlobalSection
	GlobalSection(SolutionProperties) = preSolution
		HideSolutionNode = FALSE
	EndGlobalSection
	GlobalSection(ExtensibilityGlobals) = postSolution
		SolutionGuid = {4B90640D-42C0-400D-81F6-43BCD3C8A437}
	EndGlobalSection
EndGlobal
