
Microsoft Visual Studio Solution File, Format Version 12.00
# Visual Studio Version 17
VisualStudioVersion = 17.0.32014.148
MinimumVisualStudioVersion = 10.0.40219.1
Project("{FAE04EC0-301F-11D3-BF4B-00C04F79EFBC}") = "045", "045.csproj", "{D151507F-CA8F-428A-B827-476820A094BC}"
EndProject
Global
	GlobalSection(SolutionConfigurationPlatforms) = preSolution
		Debug|Any CPU = Debug|Any CPU
		Release|Any CPU = Release|Any CPU
	EndGlobalSection
	GlobalSection(ProjectConfigurationPlatforms) = postSolution
		{D151507F-CA8F-428A-B827-476820A094BC}.Debug|Any CPU.ActiveCfg = Debug|Any CPU
		{D151507F-CA8F-428A-B827-476820A094BC}.Debug|Any CPU.Build.0 = Debug|Any CPU
		{D151507F-CA8F-428A-B827-476820A094BC}.Release|Any CPU.ActiveCfg = Release|Any CPU
		{D151507F-CA8F-428A-B827-476820A094BC}.Release|Any CPU.Build.0 = Release|Any CPU
	EndGlobalSection
	GlobalSection(SolutionProperties) = preSolution
		HideSolutionNode = FALSE
	EndGlobalSection
	GlobalSection(ExtensibilityGlobals) = postSolution
		SolutionGuid = {5A9CC23B-6558-4541-9E7B-ADB27D51BCED}
	EndGlobalSection
EndGlobal
