
Microsoft Visual Studio Solution File, Format Version 12.00
# Visual Studio Version 16
VisualStudioVersion = 16.0.30320.27
MinimumVisualStudioVersion = 10.0.40219.1
Project("{FAE04EC0-301F-11D3-BF4B-00C04F79EFBC}") = "011", "011.csproj", "{FCC2E252-06D9-4F37-AA95-B29291919841}"
EndProject
Global
	GlobalSection(SolutionConfigurationPlatforms) = preSolution
		Debug|Any CPU = Debug|Any CPU
		Release|Any CPU = Release|Any CPU
	EndGlobalSection
	GlobalSection(ProjectConfigurationPlatforms) = postSolution
		{FCC2E252-06D9-4F37-AA95-B29291919841}.Debug|Any CPU.ActiveCfg = Debug|Any CPU
		{FCC2E252-06D9-4F37-AA95-B29291919841}.Debug|Any CPU.Build.0 = Debug|Any CPU
		{FCC2E252-06D9-4F37-AA95-B29291919841}.Release|Any CPU.ActiveCfg = Release|Any CPU
		{FCC2E252-06D9-4F37-AA95-B29291919841}.Release|Any CPU.Build.0 = Release|Any CPU
	EndGlobalSection
	GlobalSection(SolutionProperties) = preSolution
		HideSolutionNode = FALSE
	EndGlobalSection
	GlobalSection(ExtensibilityGlobals) = postSolution
		SolutionGuid = {7A09C330-1A09-4061-9862-7F0C03799F91}
	EndGlobalSection
EndGlobal
