
Microsoft Visual Studio Solution File, Format Version 12.00
# Visual Studio Version 16
VisualStudioVersion = 16.0.30503.244
MinimumVisualStudioVersion = 10.0.40219.1
Project("{FAE04EC0-301F-11D3-BF4B-00C04F79EFBC}") = "021", "021.csproj", "{4025F376-5111-4342-B6C9-CCB281C1BB75}"
EndProject
Global
	GlobalSection(SolutionConfigurationPlatforms) = preSolution
		Debug|Any CPU = Debug|Any CPU
		Release|Any CPU = Release|Any CPU
	EndGlobalSection
	GlobalSection(ProjectConfigurationPlatforms) = postSolution
		{4025F376-5111-4342-B6C9-CCB281C1BB75}.Debug|Any CPU.ActiveCfg = Debug|Any CPU
		{4025F376-5111-4342-B6C9-CCB281C1BB75}.Debug|Any CPU.Build.0 = Debug|Any CPU
		{4025F376-5111-4342-B6C9-CCB281C1BB75}.Release|Any CPU.ActiveCfg = Release|Any CPU
		{4025F376-5111-4342-B6C9-CCB281C1BB75}.Release|Any CPU.Build.0 = Release|Any CPU
	EndGlobalSection
	GlobalSection(SolutionProperties) = preSolution
		HideSolutionNode = FALSE
	EndGlobalSection
	GlobalSection(ExtensibilityGlobals) = postSolution
		SolutionGuid = {76F34CFD-5368-4D32-9A6D-69087421C898}
	EndGlobalSection
EndGlobal
