
Microsoft Visual Studio Solution File, Format Version 12.00
# Visual Studio Version 17
VisualStudioVersion = 17.0.32014.148
MinimumVisualStudioVersion = 10.0.40219.1
Project("{FAE04EC0-301F-11D3-BF4B-00C04F79EFBC}") = "011", "011.csproj", "{A9C41D82-7F01-47C7-869F-81C4E5A42148}"
EndProject
Global
	GlobalSection(SolutionConfigurationPlatforms) = preSolution
		Debug|Any CPU = Debug|Any CPU
		Release|Any CPU = Release|Any CPU
	EndGlobalSection
	GlobalSection(ProjectConfigurationPlatforms) = postSolution
		{A9C41D82-7F01-47C7-869F-81C4E5A42148}.Debug|Any CPU.ActiveCfg = Debug|Any CPU
		{A9C41D82-7F01-47C7-869F-81C4E5A42148}.Debug|Any CPU.Build.0 = Debug|Any CPU
		{A9C41D82-7F01-47C7-869F-81C4E5A42148}.Release|Any CPU.ActiveCfg = Release|Any CPU
		{A9C41D82-7F01-47C7-869F-81C4E5A42148}.Release|Any CPU.Build.0 = Release|Any CPU
	EndGlobalSection
	GlobalSection(SolutionProperties) = preSolution
		HideSolutionNode = FALSE
	EndGlobalSection
	GlobalSection(ExtensibilityGlobals) = postSolution
		SolutionGuid = {4F020C3F-0733-4D0A-8841-BDEB7F1D1330}
	EndGlobalSection
EndGlobal
