
Microsoft Visual Studio Solution File, Format Version 12.00
# Visual Studio 14
VisualStudioVersion = 14.0.23107.0
MinimumVisualStudioVersion = 10.0.40219.1
Project("{8BC9CEB8-8B4A-11D0-8D11-00A0C91BC942}") = "017", "017\017.vcxproj", "{CCD1207F-B33E-4662-8BB4-E39E91E766AC}"
EndProject
Global
	GlobalSection(SolutionConfigurationPlatforms) = preSolution
		Debug|x64 = Debug|x64
		Debug|x86 = Debug|x86
		Release|x64 = Release|x64
		Release|x86 = Release|x86
	EndGlobalSection
	GlobalSection(ProjectConfigurationPlatforms) = postSolution
		{CCD1207F-B33E-4662-8BB4-E39E91E766AC}.Debug|x64.ActiveCfg = Debug|x64
		{CCD1207F-B33E-4662-8BB4-E39E91E766AC}.Debug|x64.Build.0 = Debug|x64
		{CCD1207F-B33E-4662-8BB4-E39E91E766AC}.Debug|x86.ActiveCfg = Debug|Win32
		{CCD1207F-B33E-4662-8BB4-E39E91E766AC}.Debug|x86.Build.0 = Debug|Win32
		{CCD1207F-B33E-4662-8BB4-E39E91E766AC}.Release|x64.ActiveCfg = Release|x64
		{CCD1207F-B33E-4662-8BB4-E39E91E766AC}.Release|x64.Build.0 = Release|x64
		{CCD1207F-B33E-4662-8BB4-E39E91E766AC}.Release|x86.ActiveCfg = Release|Win32
		{CCD1207F-B33E-4662-8BB4-E39E91E766AC}.Release|x86.Build.0 = Release|Win32
	EndGlobalSection
	GlobalSection(SolutionProperties) = preSolution
		HideSolutionNode = FALSE
	EndGlobalSection
EndGlobal
