
Microsoft Visual Studio Solution File, Format Version 12.00
# Visual Studio Version 17
VisualStudioVersion = 17.0.32014.148
MinimumVisualStudioVersion = 10.0.40219.1
Project("{FAE04EC0-301F-11D3-BF4B-00C04F79EFBC}") = "047", "047.csproj", "{B277B358-D1D0-4212-A590-AFB0C8A73350}"
EndProject
Global
	GlobalSection(SolutionConfigurationPlatforms) = preSolution
		Debug|Any CPU = Debug|Any CPU
		Release|Any CPU = Release|Any CPU
	EndGlobalSection
	GlobalSection(ProjectConfigurationPlatforms) = postSolution
		{B277B358-D1D0-4212-A590-AFB0C8A73350}.Debug|Any CPU.ActiveCfg = Debug|Any CPU
		{B277B358-D1D0-4212-A590-AFB0C8A73350}.Debug|Any CPU.Build.0 = Debug|Any CPU
		{B277B358-D1D0-4212-A590-AFB0C8A73350}.Release|Any CPU.ActiveCfg = Release|Any CPU
		{B277B358-D1D0-4212-A590-AFB0C8A73350}.Release|Any CPU.Build.0 = Release|Any CPU
	EndGlobalSection
	GlobalSection(SolutionProperties) = preSolution
		HideSolutionNode = FALSE
	EndGlobalSection
	GlobalSection(ExtensibilityGlobals) = postSolution
		SolutionGuid = {C465097E-11D7-4965-B773-94832C2B4A86}
	EndGlobalSection
EndGlobal
