
Microsoft Visual Studio Solution File, Format Version 12.00
# Visual Studio Version 16
VisualStudioVersion = 16.0.30503.244
MinimumVisualStudioVersion = 10.0.40219.1
Project("{FAE04EC0-301F-11D3-BF4B-00C04F79EFBC}") = "031", "031.csproj", "{BEF1EFC5-2A8A-496E-A2C7-571879D21272}"
EndProject
Global
	GlobalSection(SolutionConfigurationPlatforms) = preSolution
		Debug|Any CPU = Debug|Any CPU
		Release|Any CPU = Release|Any CPU
	EndGlobalSection
	GlobalSection(ProjectConfigurationPlatforms) = postSolution
		{BEF1EFC5-2A8A-496E-A2C7-571879D21272}.Debug|Any CPU.ActiveCfg = Debug|Any CPU
		{BEF1EFC5-2A8A-496E-A2C7-571879D21272}.Debug|Any CPU.Build.0 = Debug|Any CPU
		{BEF1EFC5-2A8A-496E-A2C7-571879D21272}.Release|Any CPU.ActiveCfg = Release|Any CPU
		{BEF1EFC5-2A8A-496E-A2C7-571879D21272}.Release|Any CPU.Build.0 = Release|Any CPU
	EndGlobalSection
	GlobalSection(SolutionProperties) = preSolution
		HideSolutionNode = FALSE
	EndGlobalSection
	GlobalSection(ExtensibilityGlobals) = postSolution
		SolutionGuid = {CAC8AEEE-7F01-4AA6-A872-1A4940209A8E}
	EndGlobalSection
EndGlobal
