
Microsoft Visual Studio Solution File, Format Version 12.00
# Visual Studio Version 16
VisualStudioVersion = 16.0.30320.27
MinimumVisualStudioVersion = 10.0.40219.1
Project("{FAE04EC0-301F-11D3-BF4B-00C04F79EFBC}") = "017_1", "017_1\017_1.csproj", "{EE60E7FA-32EE-450D-9044-A043BCA79F11}"
EndProject
Project("{FAE04EC0-301F-11D3-BF4B-00C04F79EFBC}") = "017_2", "017_2\017_2.csproj", "{2A732592-3144-48CD-AB5A-AE05C2179CCB}"
EndProject
Global
	GlobalSection(SolutionConfigurationPlatforms) = preSolution
		Debug|Any CPU = Debug|Any CPU
		Release|Any CPU = Release|Any CPU
	EndGlobalSection
	GlobalSection(ProjectConfigurationPlatforms) = postSolution
		{EE60E7FA-32EE-450D-9044-A043BCA79F11}.Debug|Any CPU.ActiveCfg = Debug|Any CPU
		{EE60E7FA-32EE-450D-9044-A043BCA79F11}.Debug|Any CPU.Build.0 = Debug|Any CPU
		{EE60E7FA-32EE-450D-9044-A043BCA79F11}.Release|Any CPU.ActiveCfg = Release|Any CPU
		{EE60E7FA-32EE-450D-9044-A043BCA79F11}.Release|Any CPU.Build.0 = Release|Any CPU
		{2A732592-3144-48CD-AB5A-AE05C2179CCB}.Debug|Any CPU.ActiveCfg = Debug|Any CPU
		{2A732592-3144-48CD-AB5A-AE05C2179CCB}.Debug|Any CPU.Build.0 = Debug|Any CPU
		{2A732592-3144-48CD-AB5A-AE05C2179CCB}.Release|Any CPU.ActiveCfg = Release|Any CPU
		{2A732592-3144-48CD-AB5A-AE05C2179CCB}.Release|Any CPU.Build.0 = Release|Any CPU
	EndGlobalSection
	GlobalSection(SolutionProperties) = preSolution
		HideSolutionNode = FALSE
	EndGlobalSection
	GlobalSection(ExtensibilityGlobals) = postSolution
		SolutionGuid = {6D392592-E6FC-43D4-AF38-1EE97189E2E8}
	EndGlobalSection
EndGlobal
