
Microsoft Visual Studio Solution File, Format Version 12.00
# Visual Studio 15
VisualStudioVersion = 15.0.27703.2035
MinimumVisualStudioVersion = 10.0.40219.1
Project("{8BC9CEB8-8B4A-11D0-8D11-00A0C91BC942}") = "032", "032\032.vcxproj", "{220C6ADB-DC28-4546-A824-6278CB7AB7E9}"
EndProject
Global
	GlobalSection(SolutionConfigurationPlatforms) = preSolution
		Debug|x64 = Debug|x64
		Debug|x86 = Debug|x86
		Release|x64 = Release|x64
		Release|x86 = Release|x86
	EndGlobalSection
	GlobalSection(ProjectConfigurationPlatforms) = postSolution
		{220C6ADB-DC28-4546-A824-6278CB7AB7E9}.Debug|x64.ActiveCfg = Debug|x64
		{220C6ADB-DC28-4546-A824-6278CB7AB7E9}.Debug|x64.Build.0 = Debug|x64
		{220C6ADB-DC28-4546-A824-6278CB7AB7E9}.Debug|x86.ActiveCfg = Debug|Win32
		{220C6ADB-DC28-4546-A824-6278CB7AB7E9}.Debug|x86.Build.0 = Debug|Win32
		{220C6ADB-DC28-4546-A824-6278CB7AB7E9}.Release|x64.ActiveCfg = Release|x64
		{220C6ADB-DC28-4546-A824-6278CB7AB7E9}.Release|x64.Build.0 = Release|x64
		{220C6ADB-DC28-4546-A824-6278CB7AB7E9}.Release|x86.ActiveCfg = Release|Win32
		{220C6ADB-DC28-4546-A824-6278CB7AB7E9}.Release|x86.Build.0 = Release|Win32
	EndGlobalSection
	GlobalSection(SolutionProperties) = preSolution
		HideSolutionNode = FALSE
	EndGlobalSection
	GlobalSection(ExtensibilityGlobals) = postSolution
		SolutionGuid = {69A1DF1E-C4D2-4964-A26D-54E314F25398}
	EndGlobalSection
EndGlobal
