
Microsoft Visual Studio Solution File, Format Version 12.00
# Visual Studio Version 17
VisualStudioVersion = 17.10.34928.147
MinimumVisualStudioVersion = 10.0.40219.1
Project("{8BC9CEB8-8B4A-11D0-8D11-00A0C91BC942}") = "32-2", "32-2.vcxproj", "{6A82F3EE-60D1-483D-92C3-13B6B003A152}"
EndProject
Global
	GlobalSection(SolutionConfigurationPlatforms) = preSolution
		Debug|x64 = Debug|x64
		Debug|x86 = Debug|x86
		Release|x64 = Release|x64
		Release|x86 = Release|x86
	EndGlobalSection
	GlobalSection(ProjectConfigurationPlatforms) = postSolution
		{6A82F3EE-60D1-483D-92C3-13B6B003A152}.Debug|x64.ActiveCfg = Debug|x64
		{6A82F3EE-60D1-483D-92C3-13B6B003A152}.Debug|x64.Build.0 = Debug|x64
		{6A82F3EE-60D1-483D-92C3-13B6B003A152}.Debug|x86.ActiveCfg = Debug|Win32
		{6A82F3EE-60D1-483D-92C3-13B6B003A152}.Debug|x86.Build.0 = Debug|Win32
		{6A82F3EE-60D1-483D-92C3-13B6B003A152}.Release|x64.ActiveCfg = Release|x64
		{6A82F3EE-60D1-483D-92C3-13B6B003A152}.Release|x64.Build.0 = Release|x64
		{6A82F3EE-60D1-483D-92C3-13B6B003A152}.Release|x86.ActiveCfg = Release|Win32
		{6A82F3EE-60D1-483D-92C3-13B6B003A152}.Release|x86.Build.0 = Release|Win32
	EndGlobalSection
	GlobalSection(SolutionProperties) = preSolution
		HideSolutionNode = FALSE
	EndGlobalSection
	GlobalSection(ExtensibilityGlobals) = postSolution
		SolutionGuid = {2149F614-8E35-4907-9E44-F98029F7887B}
	EndGlobalSection
EndGlobal
