
Microsoft Visual Studio Solution File, Format Version 12.00
# Visual Studio Version 16
VisualStudioVersion = 16.0.30320.27
MinimumVisualStudioVersion = 10.0.40219.1
Project("{FAE04EC0-301F-11D3-BF4B-00C04F79EFBC}") = "007", "007.csproj", "{F01B95EE-318C-4628-9C9A-18048A0C9DA5}"
EndProject
Global
	GlobalSection(SolutionConfigurationPlatforms) = preSolution
		Debug|Any CPU = Debug|Any CPU
		Release|Any CPU = Release|Any CPU
	EndGlobalSection
	GlobalSection(ProjectConfigurationPlatforms) = postSolution
		{F01B95EE-318C-4628-9C9A-18048A0C9DA5}.Debug|Any CPU.ActiveCfg = Debug|Any CPU
		{F01B95EE-318C-4628-9C9A-18048A0C9DA5}.Debug|Any CPU.Build.0 = Debug|Any CPU
		{F01B95EE-318C-4628-9C9A-18048A0C9DA5}.Release|Any CPU.ActiveCfg = Release|Any CPU
		{F01B95EE-318C-4628-9C9A-18048A0C9DA5}.Release|Any CPU.Build.0 = Release|Any CPU
	EndGlobalSection
	GlobalSection(SolutionProperties) = preSolution
		HideSolutionNode = FALSE
	EndGlobalSection
	GlobalSection(ExtensibilityGlobals) = postSolution
		SolutionGuid = {18026672-95A5-41E4-B2BC-E857F16FE74F}
	EndGlobalSection
EndGlobal
